
Microsoft Visual Studio Solution File, Format Version 12.00
# Visual Studio Version 16
VisualStudioVersion = 16.0.31005.135
MinimumVisualStudioVersion = 10.0.40219.1
Project("{FAE04EC0-301F-11D3-BF4B-00C04F79EFBC}") = "SchoolApp", "SchoolApp\SchoolApp.csproj", "{A7A8D666-31B8-4F58-87FF-C3FDC0CECB05}"
EndProject
Global
	GlobalSection(SolutionConfigurationPlatforms) = preSolution
		Debug|Any CPU = Debug|Any CPU
		Release|Any CPU = Release|Any CPU
	EndGlobalSection
	GlobalSection(ProjectConfigurationPlatforms) = postSolution
		{A7A8D666-31B8-4F58-87FF-C3FDC0CECB05}.Debug|Any CPU.ActiveCfg = Debug|Any CPU
		{A7A8D666-31B8-4F58-87FF-C3FDC0CECB05}.Debug|Any CPU.Build.0 = Debug|Any CPU
		{A7A8D666-31B8-4F58-87FF-C3FDC0CECB05}.Release|Any CPU.ActiveCfg = Release|Any CPU
		{A7A8D666-31B8-4F58-87FF-C3FDC0CECB05}.Release|Any CPU.Build.0 = Release|Any CPU
	EndGlobalSection
	GlobalSection(SolutionProperties) = preSolution
		HideSolutionNode = FALSE
	EndGlobalSection
	GlobalSection(ExtensibilityGlobals) = postSolution
		SolutionGuid = {1B95FE06-B7D2-49F0-BB2D-DD115584A9C0}
	EndGlobalSection
EndGlobal
